
Microsoft Visual Studio Solution File, Format Version 12.00
# Visual Studio Version 17
VisualStudioVersion = 17.7.34024.191
MinimumVisualStudioVersion = 10.0.40219.1
Project("{FAE04EC0-301F-11D3-BF4B-00C04F79EFBC}") = "Exercicio2", "Exercicio2\Exercicio2.csproj", "{E11F49A9-79D0-4644-BF5A-8E1BCD0E3F24}"
EndProject
Global
	GlobalSection(SolutionConfigurationPlatforms) = preSolution
		Debug|Any CPU = Debug|Any CPU
		Release|Any CPU = Release|Any CPU
	EndGlobalSection
	GlobalSection(ProjectConfigurationPlatforms) = postSolution
		{E11F49A9-79D0-4644-BF5A-8E1BCD0E3F24}.Debug|Any CPU.ActiveCfg = Debug|Any CPU
		{E11F49A9-79D0-4644-BF5A-8E1BCD0E3F24}.Debug|Any CPU.Build.0 = Debug|Any CPU
		{E11F49A9-79D0-4644-BF5A-8E1BCD0E3F24}.Release|Any CPU.ActiveCfg = Release|Any CPU
		{E11F49A9-79D0-4644-BF5A-8E1BCD0E3F24}.Release|Any CPU.Build.0 = Release|Any CPU
	EndGlobalSection
	GlobalSection(SolutionProperties) = preSolution
		HideSolutionNode = FALSE
	EndGlobalSection
	GlobalSection(ExtensibilityGlobals) = postSolution
		SolutionGuid = {584ECFA5-FB0A-43BA-9499-C3CBA09E12C8}
	EndGlobalSection
EndGlobal
